// !$*UTF8*$!
{
	archiveVersion = 1;
	classes = {
	};
	objectVersion = 50;
	objects = {

/* Begin PBXBuildFile section */
		1B4E750824250ED6001B42AF /* AddLocationViewController.swift in Sources */ = {isa = PBXBuildFile; fileRef = 1B4E750724250ED6001B42AF /* AddLocationViewController.swift */; };
		1B4E750A2425127F001B42AF /* TenDaysWeatherViewController.swift in Sources */ = {isa = PBXBuildFile; fileRef = 1B4E75092425127F001B42AF /* TenDaysWeatherViewController.swift */; };
		1B4E750C24251302001B42AF /* ThirtySixHoursWeatherViewController.swift in Sources */ = {isa = PBXBuildFile; fileRef = 1B4E750B24251302001B42AF /* ThirtySixHoursWeatherViewController.swift */; };
		1B4E750F24251360001B42AF /* DayWeatherCell.swift in Sources */ = {isa = PBXBuildFile; fileRef = 1B4E750D24251360001B42AF /* DayWeatherCell.swift */; };
		1B4E751024251360001B42AF /* DayWeatherCell.xib in Resources */ = {isa = PBXBuildFile; fileRef = 1B4E750E24251360001B42AF /* DayWeatherCell.xib */; };
		1B4E75132425171D001B42AF /* HourWeatherCell.swift in Sources */ = {isa = PBXBuildFile; fileRef = 1B4E75112425171D001B42AF /* HourWeatherCell.swift */; };
		1B4E75142425171D001B42AF /* HourWeatherCell.xib in Resources */ = {isa = PBXBuildFile; fileRef = 1B4E75122425171D001B42AF /* HourWeatherCell.xib */; };
		1B88E28E24212663007D4753 /* AppDelegate.swift in Sources */ = {isa = PBXBuildFile; fileRef = 1B88E28D24212663007D4753 /* AppDelegate.swift */; };
		1B88E29224212663007D4753 /* ViewController.swift in Sources */ = {isa = PBXBuildFile; fileRef = 1B88E29124212663007D4753 /* ViewController.swift */; };
		1B88E29524212663007D4753 /* Main.storyboard in Resources */ = {isa = PBXBuildFile; fileRef = 1B88E29324212663007D4753 /* Main.storyboard */; };
		1B88E29824212663007D4753 /* TodayWeather.xcdatamodeld in Sources */ = {isa = PBXBuildFile; fileRef = 1B88E29624212663007D4753 /* TodayWeather.xcdatamodeld */; };
		1B88E29A24212663007D4753 /* Assets.xcassets in Resources */ = {isa = PBXBuildFile; fileRef = 1B88E29924212663007D4753 /* Assets.xcassets */; };
		1B88E29D24212663007D4753 /* LaunchScreen.storyboard in Resources */ = {isa = PBXBuildFile; fileRef = 1B88E29B24212663007D4753 /* LaunchScreen.storyboard */; };
		1BC39B22242260A70018FBF1 /* Settings.storyboard in Resources */ = {isa = PBXBuildFile; fileRef = 1BC39B21242260A70018FBF1 /* Settings.storyboard */; };
		1BC39B25242260C90018FBF1 /* AppStoryboard+AppViewController.swift in Sources */ = {isa = PBXBuildFile; fileRef = 1BC39B24242260C90018FBF1 /* AppStoryboard+AppViewController.swift */; };
		1BC39B2A2422657A0018FBF1 /* Menu.storyboard in Resources */ = {isa = PBXBuildFile; fileRef = 1BC39B292422657A0018FBF1 /* Menu.storyboard */; };
		1BC39B2D24226AF30018FBF1 /* Extensions.swift in Sources */ = {isa = PBXBuildFile; fileRef = 1BC39B2C24226AF30018FBF1 /* Extensions.swift */; };
		1BC39B3024226EE10018FBF1 /* MenuViewController.swift in Sources */ = {isa = PBXBuildFile; fileRef = 1BC39B2F24226EE10018FBF1 /* MenuViewController.swift */; };
		1BC39B352422707F0018FBF1 /* Home.storyboard in Resources */ = {isa = PBXBuildFile; fileRef = 1BC39B342422707F0018FBF1 /* Home.storyboard */; };
		1BC39B37242271800018FBF1 /* HomeViewController.swift in Sources */ = {isa = PBXBuildFile; fileRef = 1BC39B36242271800018FBF1 /* HomeViewController.swift */; };
		1BDAD6372423D90800DE1EEA /* Setting.swift in Sources */ = {isa = PBXBuildFile; fileRef = 1BDAD6362423D90800DE1EEA /* Setting.swift */; };
		1BDAD63E2423DCC700DE1EEA /* SettingItemNoDescriptionCell.swift in Sources */ = {isa = PBXBuildFile; fileRef = 1BDAD63C2423DCC700DE1EEA /* SettingItemNoDescriptionCell.swift */; };
		1BDAD63F2423DCC700DE1EEA /* SettingItemNoDescriptionCell.xib in Resources */ = {isa = PBXBuildFile; fileRef = 1BDAD63D2423DCC700DE1EEA /* SettingItemNoDescriptionCell.xib */; };
		1BDAD6422423DCF200DE1EEA /* SettingItemHasDescriptionCell.swift in Sources */ = {isa = PBXBuildFile; fileRef = 1BDAD6402423DCF200DE1EEA /* SettingItemHasDescriptionCell.swift */; };
		1BDAD6432423DCF200DE1EEA /* SettingItemHasDescriptionCell.xib in Resources */ = {isa = PBXBuildFile; fileRef = 1BDAD6412423DCF200DE1EEA /* SettingItemHasDescriptionCell.xib */; };
		338B0EEB24235C73005796BE /* SettingsViewController.swift in Sources */ = {isa = PBXBuildFile; fileRef = 338B0EEA24235C73005796BE /* SettingsViewController.swift */; };
		33A9382324236BE9003C267E /* MenuTableViewCell.swift in Sources */ = {isa = PBXBuildFile; fileRef = 33A9382124236BE9003C267E /* MenuTableViewCell.swift */; };
		33A9382424236BE9003C267E /* MenuTableViewCell.xib in Resources */ = {isa = PBXBuildFile; fileRef = 33A9382224236BE9003C267E /* MenuTableViewCell.xib */; };
		33B2D8F7242462D900F51BB4 /* IconSetSettingViewController.swift in Sources */ = {isa = PBXBuildFile; fileRef = 33B2D8F6242462D900F51BB4 /* IconSetSettingViewController.swift */; };
		33B2D8FC2424633800F51BB4 /* IconSetCell.swift in Sources */ = {isa = PBXBuildFile; fileRef = 33B2D8FA2424633800F51BB4 /* IconSetCell.swift */; };
		33B2D8FD2424633800F51BB4 /* IconSetCell.xib in Resources */ = {isa = PBXBuildFile; fileRef = 33B2D8FB2424633800F51BB4 /* IconSetCell.xib */; };
		33B2D8FF24246FC500F51BB4 /* UnitSettingViewController.swift in Sources */ = {isa = PBXBuildFile; fileRef = 33B2D8FE24246FC500F51BB4 /* UnitSettingViewController.swift */; };
		33B2D90124247D6A00F51BB4 /* NotificationSettingViewController.swift in Sources */ = {isa = PBXBuildFile; fileRef = 33B2D90024247D6A00F51BB4 /* NotificationSettingViewController.swift */; };
		33B2D90424247FAB00F51BB4 /* NotificationCell.swift in Sources */ = {isa = PBXBuildFile; fileRef = 33B2D90224247FAB00F51BB4 /* NotificationCell.swift */; };
		33B2D90524247FAB00F51BB4 /* NotificationCell.xib in Resources */ = {isa = PBXBuildFile; fileRef = 33B2D90324247FAB00F51BB4 /* NotificationCell.xib */; };
		33B2D907242495EA00F51BB4 /* Notification.swift in Sources */ = {isa = PBXBuildFile; fileRef = 33B2D906242495EA00F51BB4 /* Notification.swift */; };
		33B2D90A24249CE200F51BB4 /* DataSourceCell.swift in Sources */ = {isa = PBXBuildFile; fileRef = 33B2D90824249CE200F51BB4 /* DataSourceCell.swift */; };
		33B2D90B24249CE200F51BB4 /* DataSourceCell.xib in Resources */ = {isa = PBXBuildFile; fileRef = 33B2D90924249CE200F51BB4 /* DataSourceCell.xib */; };
		33B2D90D24249F2700F51BB4 /* DataSourceSettingViewController.swift in Sources */ = {isa = PBXBuildFile; fileRef = 33B2D90C24249F2700F51BB4 /* DataSourceSettingViewController.swift */; };
		33B2D90F2424A40800F51BB4 /* DataSource.swift in Sources */ = {isa = PBXBuildFile; fileRef = 33B2D90E2424A40800F51BB4 /* DataSource.swift */; };
		33B2D9112424ACF800F51BB4 /* LanguageSettingViewController.swift in Sources */ = {isa = PBXBuildFile; fileRef = 33B2D9102424ACF800F51BB4 /* LanguageSettingViewController.swift */; };
		33B2D9162424ADDA00F51BB4 /* LanguageCell.swift in Sources */ = {isa = PBXBuildFile; fileRef = 33B2D9142424ADDA00F51BB4 /* LanguageCell.swift */; };
		33B2D9172424ADDA00F51BB4 /* LanguageCell.xib in Resources */ = {isa = PBXBuildFile; fileRef = 33B2D9152424ADDA00F51BB4 /* LanguageCell.xib */; };
		33B2D9192424AFB300F51BB4 /* Language.swift in Sources */ = {isa = PBXBuildFile; fileRef = 33B2D9182424AFB300F51BB4 /* Language.swift */; };
		33B2D91D2424BFBB00F51BB4 /* Splash.storyboard in Resources */ = {isa = PBXBuildFile; fileRef = 33B2D91C2424BFBB00F51BB4 /* Splash.storyboard */; };
		33B2D91F2424C00100F51BB4 /* SplashViewController.swift in Sources */ = {isa = PBXBuildFile; fileRef = 33B2D91E2424C00100F51BB4 /* SplashViewController.swift */; };
		33B2D9212424C80500F51BB4 /* SplashScene1ViewController.swift in Sources */ = {isa = PBXBuildFile; fileRef = 33B2D9202424C80500F51BB4 /* SplashScene1ViewController.swift */; };
		33B2D9232424C81A00F51BB4 /* SplashScene2ViewController.swift in Sources */ = {isa = PBXBuildFile; fileRef = 33B2D9222424C81A00F51BB4 /* SplashScene2ViewController.swift */; };
		4E17E86DD3197B1F3D66CE30 /* Pods_TodayWeather.framework in Frameworks */ = {isa = PBXBuildFile; fileRef = 8680A7E6532C4AB7FF2E2770 /* Pods_TodayWeather.framework */; };
/* End PBXBuildFile section */

/* Begin PBXFileReference section */
		1B4E750724250ED6001B42AF /* AddLocationViewController.swift */ = {isa = PBXFileReference; lastKnownFileType = sourcecode.swift; path = AddLocationViewController.swift; sourceTree = "<group>"; };
		1B4E75092425127F001B42AF /* TenDaysWeatherViewController.swift */ = {isa = PBXFileReference; lastKnownFileType = sourcecode.swift; path = TenDaysWeatherViewController.swift; sourceTree = "<group>"; };
		1B4E750B24251302001B42AF /* ThirtySixHoursWeatherViewController.swift */ = {isa = PBXFileReference; lastKnownFileType = sourcecode.swift; path = ThirtySixHoursWeatherViewController.swift; sourceTree = "<group>"; };
		1B4E750D24251360001B42AF /* DayWeatherCell.swift */ = {isa = PBXFileReference; lastKnownFileType = sourcecode.swift; path = DayWeatherCell.swift; sourceTree = "<group>"; };
		1B4E750E24251360001B42AF /* DayWeatherCell.xib */ = {isa = PBXFileReference; lastKnownFileType = file.xib; path = DayWeatherCell.xib; sourceTree = "<group>"; };
		1B4E75112425171D001B42AF /* HourWeatherCell.swift */ = {isa = PBXFileReference; lastKnownFileType = sourcecode.swift; path = HourWeatherCell.swift; sourceTree = "<group>"; };
		1B4E75122425171D001B42AF /* HourWeatherCell.xib */ = {isa = PBXFileReference; lastKnownFileType = file.xib; path = HourWeatherCell.xib; sourceTree = "<group>"; };
		1B88E28A24212663007D4753 /* TodayWeather.app */ = {isa = PBXFileReference; explicitFileType = wrapper.application; includeInIndex = 0; path = TodayWeather.app; sourceTree = BUILT_PRODUCTS_DIR; };
		1B88E28D24212663007D4753 /* AppDelegate.swift */ = {isa = PBXFileReference; lastKnownFileType = sourcecode.swift; path = AppDelegate.swift; sourceTree = "<group>"; };
		1B88E29124212663007D4753 /* ViewController.swift */ = {isa = PBXFileReference; lastKnownFileType = sourcecode.swift; path = ViewController.swift; sourceTree = "<group>"; };
		1B88E29424212663007D4753 /* Base */ = {isa = PBXFileReference; lastKnownFileType = file.storyboard; name = Base; path = Base.lproj/Main.storyboard; sourceTree = "<group>"; };
		1B88E29724212663007D4753 /* TodayWeather.xcdatamodel */ = {isa = PBXFileReference; lastKnownFileType = wrapper.xcdatamodel; path = TodayWeather.xcdatamodel; sourceTree = "<group>"; };
		1B88E29924212663007D4753 /* Assets.xcassets */ = {isa = PBXFileReference; lastKnownFileType = folder.assetcatalog; path = Assets.xcassets; sourceTree = "<group>"; };
		1B88E29C24212663007D4753 /* Base */ = {isa = PBXFileReference; lastKnownFileType = file.storyboard; name = Base; path = Base.lproj/LaunchScreen.storyboard; sourceTree = "<group>"; };
		1B88E29E24212663007D4753 /* Info.plist */ = {isa = PBXFileReference; lastKnownFileType = text.plist.xml; path = Info.plist; sourceTree = "<group>"; };
		1BC39B21242260A70018FBF1 /* Settings.storyboard */ = {isa = PBXFileReference; lastKnownFileType = file.storyboard; path = Settings.storyboard; sourceTree = "<group>"; };
		1BC39B24242260C90018FBF1 /* AppStoryboard+AppViewController.swift */ = {isa = PBXFileReference; lastKnownFileType = sourcecode.swift; path = "AppStoryboard+AppViewController.swift"; sourceTree = "<group>"; };
		1BC39B292422657A0018FBF1 /* Menu.storyboard */ = {isa = PBXFileReference; lastKnownFileType = file.storyboard; path = Menu.storyboard; sourceTree = "<group>"; };
		1BC39B2C24226AF30018FBF1 /* Extensions.swift */ = {isa = PBXFileReference; lastKnownFileType = sourcecode.swift; path = Extensions.swift; sourceTree = "<group>"; };
		1BC39B2F24226EE10018FBF1 /* MenuViewController.swift */ = {isa = PBXFileReference; lastKnownFileType = sourcecode.swift; path = MenuViewController.swift; sourceTree = "<group>"; };
		1BC39B342422707F0018FBF1 /* Home.storyboard */ = {isa = PBXFileReference; lastKnownFileType = file.storyboard; path = Home.storyboard; sourceTree = "<group>"; };
		1BC39B36242271800018FBF1 /* HomeViewController.swift */ = {isa = PBXFileReference; lastKnownFileType = sourcecode.swift; path = HomeViewController.swift; sourceTree = "<group>"; };
		1BDAD6362423D90800DE1EEA /* Setting.swift */ = {isa = PBXFileReference; lastKnownFileType = sourcecode.swift; path = Setting.swift; sourceTree = "<group>"; };
		1BDAD63C2423DCC700DE1EEA /* SettingItemNoDescriptionCell.swift */ = {isa = PBXFileReference; lastKnownFileType = sourcecode.swift; path = SettingItemNoDescriptionCell.swift; sourceTree = "<group>"; };
		1BDAD63D2423DCC700DE1EEA /* SettingItemNoDescriptionCell.xib */ = {isa = PBXFileReference; lastKnownFileType = file.xib; path = SettingItemNoDescriptionCell.xib; sourceTree = "<group>"; };
		1BDAD6402423DCF200DE1EEA /* SettingItemHasDescriptionCell.swift */ = {isa = PBXFileReference; lastKnownFileType = sourcecode.swift; path = SettingItemHasDescriptionCell.swift; sourceTree = "<group>"; };
		1BDAD6412423DCF200DE1EEA /* SettingItemHasDescriptionCell.xib */ = {isa = PBXFileReference; lastKnownFileType = file.xib; path = SettingItemHasDescriptionCell.xib; sourceTree = "<group>"; };
		338B0EEA24235C73005796BE /* SettingsViewController.swift */ = {isa = PBXFileReference; lastKnownFileType = sourcecode.swift; path = SettingsViewController.swift; sourceTree = "<group>"; };
		33A9382124236BE9003C267E /* MenuTableViewCell.swift */ = {isa = PBXFileReference; lastKnownFileType = sourcecode.swift; path = MenuTableViewCell.swift; sourceTree = "<group>"; };
		33A9382224236BE9003C267E /* MenuTableViewCell.xib */ = {isa = PBXFileReference; lastKnownFileType = file.xib; path = MenuTableViewCell.xib; sourceTree = "<group>"; };
		33B2D8F6242462D900F51BB4 /* IconSetSettingViewController.swift */ = {isa = PBXFileReference; lastKnownFileType = sourcecode.swift; path = IconSetSettingViewController.swift; sourceTree = "<group>"; };
		33B2D8FA2424633800F51BB4 /* IconSetCell.swift */ = {isa = PBXFileReference; lastKnownFileType = sourcecode.swift; path = IconSetCell.swift; sourceTree = "<group>"; };
		33B2D8FB2424633800F51BB4 /* IconSetCell.xib */ = {isa = PBXFileReference; lastKnownFileType = file.xib; path = IconSetCell.xib; sourceTree = "<group>"; };
		33B2D8FE24246FC500F51BB4 /* UnitSettingViewController.swift */ = {isa = PBXFileReference; lastKnownFileType = sourcecode.swift; path = UnitSettingViewController.swift; sourceTree = "<group>"; };
		33B2D90024247D6A00F51BB4 /* NotificationSettingViewController.swift */ = {isa = PBXFileReference; lastKnownFileType = sourcecode.swift; path = NotificationSettingViewController.swift; sourceTree = "<group>"; };
		33B2D90224247FAB00F51BB4 /* NotificationCell.swift */ = {isa = PBXFileReference; lastKnownFileType = sourcecode.swift; path = NotificationCell.swift; sourceTree = "<group>"; };
		33B2D90324247FAB00F51BB4 /* NotificationCell.xib */ = {isa = PBXFileReference; lastKnownFileType = file.xib; path = NotificationCell.xib; sourceTree = "<group>"; };
		33B2D906242495EA00F51BB4 /* Notification.swift */ = {isa = PBXFileReference; lastKnownFileType = sourcecode.swift; path = Notification.swift; sourceTree = "<group>"; };
		33B2D90824249CE200F51BB4 /* DataSourceCell.swift */ = {isa = PBXFileReference; lastKnownFileType = sourcecode.swift; path = DataSourceCell.swift; sourceTree = "<group>"; };
		33B2D90924249CE200F51BB4 /* DataSourceCell.xib */ = {isa = PBXFileReference; lastKnownFileType = file.xib; path = DataSourceCell.xib; sourceTree = "<group>"; };
		33B2D90C24249F2700F51BB4 /* DataSourceSettingViewController.swift */ = {isa = PBXFileReference; lastKnownFileType = sourcecode.swift; path = DataSourceSettingViewController.swift; sourceTree = "<group>"; };
		33B2D90E2424A40800F51BB4 /* DataSource.swift */ = {isa = PBXFileReference; lastKnownFileType = sourcecode.swift; path = DataSource.swift; sourceTree = "<group>"; };
		33B2D9102424ACF800F51BB4 /* LanguageSettingViewController.swift */ = {isa = PBXFileReference; lastKnownFileType = sourcecode.swift; path = LanguageSettingViewController.swift; sourceTree = "<group>"; };
		33B2D9142424ADDA00F51BB4 /* LanguageCell.swift */ = {isa = PBXFileReference; lastKnownFileType = sourcecode.swift; path = LanguageCell.swift; sourceTree = "<group>"; };
		33B2D9152424ADDA00F51BB4 /* LanguageCell.xib */ = {isa = PBXFileReference; lastKnownFileType = file.xib; path = LanguageCell.xib; sourceTree = "<group>"; };
		33B2D9182424AFB300F51BB4 /* Language.swift */ = {isa = PBXFileReference; lastKnownFileType = sourcecode.swift; path = Language.swift; sourceTree = "<group>"; };
		33B2D91C2424BFBB00F51BB4 /* Splash.storyboard */ = {isa = PBXFileReference; lastKnownFileType = file.storyboard; path = Splash.storyboard; sourceTree = "<group>"; };
		33B2D91E2424C00100F51BB4 /* SplashViewController.swift */ = {isa = PBXFileReference; lastKnownFileType = sourcecode.swift; path = SplashViewController.swift; sourceTree = "<group>"; };
		33B2D9202424C80500F51BB4 /* SplashScene1ViewController.swift */ = {isa = PBXFileReference; lastKnownFileType = sourcecode.swift; path = SplashScene1ViewController.swift; sourceTree = "<group>"; };
		33B2D9222424C81A00F51BB4 /* SplashScene2ViewController.swift */ = {isa = PBXFileReference; lastKnownFileType = sourcecode.swift; path = SplashScene2ViewController.swift; sourceTree = "<group>"; };
		8680A7E6532C4AB7FF2E2770 /* Pods_TodayWeather.framework */ = {isa = PBXFileReference; explicitFileType = wrapper.framework; includeInIndex = 0; path = Pods_TodayWeather.framework; sourceTree = BUILT_PRODUCTS_DIR; };
		9663E5CC19033CC8B3209ECA /* Pods-TodayWeather.release.xcconfig */ = {isa = PBXFileReference; includeInIndex = 1; lastKnownFileType = text.xcconfig; name = "Pods-TodayWeather.release.xcconfig"; path = "Target Support Files/Pods-TodayWeather/Pods-TodayWeather.release.xcconfig"; sourceTree = "<group>"; };
		FDE2406C3BF0C7D08B6957B0 /* Pods-TodayWeather.debug.xcconfig */ = {isa = PBXFileReference; includeInIndex = 1; lastKnownFileType = text.xcconfig; name = "Pods-TodayWeather.debug.xcconfig"; path = "Target Support Files/Pods-TodayWeather/Pods-TodayWeather.debug.xcconfig"; sourceTree = "<group>"; };
/* End PBXFileReference section */

/* Begin PBXFrameworksBuildPhase section */
		1B88E28724212663007D4753 /* Frameworks */ = {
			isa = PBXFrameworksBuildPhase;
			buildActionMask = 2147483647;
			files = (
				4E17E86DD3197B1F3D66CE30 /* Pods_TodayWeather.framework in Frameworks */,
			);
			runOnlyForDeploymentPostprocessing = 0;
		};
/* End PBXFrameworksBuildPhase section */

/* Begin PBXGroup section */
		1B88E28124212663007D4753 = {
			isa = PBXGroup;
			children = (
				1B88E28C24212663007D4753 /* TodayWeather */,
				1B88E28B24212663007D4753 /* Products */,
				7BF2B15DD3D2E58D646FAC4A /* Pods */,
				818FD5750CFD57FC8832E86A /* Frameworks */,
			);
			sourceTree = "<group>";
		};
		1B88E28B24212663007D4753 /* Products */ = {
			isa = PBXGroup;
			children = (
				1B88E28A24212663007D4753 /* TodayWeather.app */,
			);
			name = Products;
			sourceTree = "<group>";
		};
		1B88E28C24212663007D4753 /* TodayWeather */ = {
			isa = PBXGroup;
			children = (
				1BC39B26242265580018FBF1 /* 001_Menu */,
				1BC39B1D242260630018FBF1 /* 002_Settings */,
				1BC39B2E24226E7D0018FBF1 /* 003_Splash */,
				1BC39B3124226FC20018FBF1 /* 004_Home */,
				1B88E28D24212663007D4753 /* AppDelegate.swift */,
				1BC39B24242260C90018FBF1 /* AppStoryboard+AppViewController.swift */,
				1B88E29924212663007D4753 /* Assets.xcassets */,
				1BC39B2B24226AE20018FBF1 /* Extensions */,
				1B88E29E24212663007D4753 /* Info.plist */,
				1B88E29B24212663007D4753 /* LaunchScreen.storyboard */,
				1B88E29324212663007D4753 /* Main.storyboard */,
				1B88E29624212663007D4753 /* TodayWeather.xcdatamodeld */,
				1B88E29124212663007D4753 /* ViewController.swift */,
			);
			path = TodayWeather;
			sourceTree = "<group>";
		};
		1BC39B1D242260630018FBF1 /* 002_Settings */ = {
			isa = PBXGroup;
			children = (
				1BDAD6352423D8E100DE1EEA /* Models */,
				338B0EE924235C65005796BE /* Controller */,
				1BC39B20242260870018FBF1 /* Views */,
			);
			path = 002_Settings;
			sourceTree = "<group>";
		};
		1BC39B20242260870018FBF1 /* Views */ = {
			isa = PBXGroup;
			children = (
				1BC39B21242260A70018FBF1 /* Settings.storyboard */,
				1BDAD63C2423DCC700DE1EEA /* SettingItemNoDescriptionCell.swift */,
				1BDAD63D2423DCC700DE1EEA /* SettingItemNoDescriptionCell.xib */,
				1BDAD6402423DCF200DE1EEA /* SettingItemHasDescriptionCell.swift */,
				1BDAD6412423DCF200DE1EEA /* SettingItemHasDescriptionCell.xib */,
				33B2D8FA2424633800F51BB4 /* IconSetCell.swift */,
				33B2D8FB2424633800F51BB4 /* IconSetCell.xib */,
				33B2D90224247FAB00F51BB4 /* NotificationCell.swift */,
				33B2D90324247FAB00F51BB4 /* NotificationCell.xib */,
				33B2D90824249CE200F51BB4 /* DataSourceCell.swift */,
				33B2D90924249CE200F51BB4 /* DataSourceCell.xib */,
				33B2D9142424ADDA00F51BB4 /* LanguageCell.swift */,
				33B2D9152424ADDA00F51BB4 /* LanguageCell.xib */,
			);
			path = Views;
			sourceTree = "<group>";
		};
		1BC39B26242265580018FBF1 /* 001_Menu */ = {
			isa = PBXGroup;
			children = (
				1BC39B28242265670018FBF1 /* Controller */,
				1BC39B272422655F0018FBF1 /* Views */,
			);
			path = 001_Menu;
			sourceTree = "<group>";
		};
		1BC39B272422655F0018FBF1 /* Views */ = {
			isa = PBXGroup;
			children = (
				1BC39B292422657A0018FBF1 /* Menu.storyboard */,
				33A9382124236BE9003C267E /* MenuTableViewCell.swift */,
				33A9382224236BE9003C267E /* MenuTableViewCell.xib */,
			);
			path = Views;
			sourceTree = "<group>";
		};
		1BC39B28242265670018FBF1 /* Controller */ = {
			isa = PBXGroup;
			children = (
				1BC39B2F24226EE10018FBF1 /* MenuViewController.swift */,
				1B4E750724250ED6001B42AF /* AddLocationViewController.swift */,
			);
			path = Controller;
			sourceTree = "<group>";
		};
		1BC39B2B24226AE20018FBF1 /* Extensions */ = {
			isa = PBXGroup;
			children = (
				1BC39B2C24226AF30018FBF1 /* Extensions.swift */,
			);
			path = Extensions;
			sourceTree = "<group>";
		};
		1BC39B2E24226E7D0018FBF1 /* 003_Splash */ = {
			isa = PBXGroup;
			children = (
				33B2D91B2424BF9300F51BB4 /* Controller */,
				33B2D91A2424BF7400F51BB4 /* Views */,
			);
			path = 003_Splash;
			sourceTree = "<group>";
		};
		1BC39B3124226FC20018FBF1 /* 004_Home */ = {
			isa = PBXGroup;
			children = (
				1BC39B33242270550018FBF1 /* Controller */,
				1BC39B322422704F0018FBF1 /* Views */,
			);
			path = 004_Home;
			sourceTree = "<group>";
		};
		1BC39B322422704F0018FBF1 /* Views */ = {
			isa = PBXGroup;
			children = (
				1BC39B342422707F0018FBF1 /* Home.storyboard */,
				1B4E750D24251360001B42AF /* DayWeatherCell.swift */,
				1B4E750E24251360001B42AF /* DayWeatherCell.xib */,
				1B4E75112425171D001B42AF /* HourWeatherCell.swift */,
				1B4E75122425171D001B42AF /* HourWeatherCell.xib */,
			);
			path = Views;
			sourceTree = "<group>";
		};
		1BC39B33242270550018FBF1 /* Controller */ = {
			isa = PBXGroup;
			children = (
				1BC39B36242271800018FBF1 /* HomeViewController.swift */,
				1B4E75092425127F001B42AF /* TenDaysWeatherViewController.swift */,
				1B4E750B24251302001B42AF /* ThirtySixHoursWeatherViewController.swift */,
			);
			path = Controller;
			sourceTree = "<group>";
		};
		1BDAD6352423D8E100DE1EEA /* Models */ = {
			isa = PBXGroup;
			children = (
				1BDAD6362423D90800DE1EEA /* Setting.swift */,
				33B2D906242495EA00F51BB4 /* Notification.swift */,
				33B2D90E2424A40800F51BB4 /* DataSource.swift */,
				33B2D9182424AFB300F51BB4 /* Language.swift */,
			);
			path = Models;
			sourceTree = "<group>";
		};
		338B0EE924235C65005796BE /* Controller */ = {
			isa = PBXGroup;
			children = (
				338B0EEA24235C73005796BE /* SettingsViewController.swift */,
				33B2D8F6242462D900F51BB4 /* IconSetSettingViewController.swift */,
				33B2D8FE24246FC500F51BB4 /* UnitSettingViewController.swift */,
				33B2D90024247D6A00F51BB4 /* NotificationSettingViewController.swift */,
				33B2D90C24249F2700F51BB4 /* DataSourceSettingViewController.swift */,
				33B2D9102424ACF800F51BB4 /* LanguageSettingViewController.swift */,
			);
			path = Controller;
			sourceTree = "<group>";
		};
		33B2D91A2424BF7400F51BB4 /* Views */ = {
			isa = PBXGroup;
			children = (
				33B2D91C2424BFBB00F51BB4 /* Splash.storyboard */,
			);
			path = Views;
			sourceTree = "<group>";
		};
		33B2D91B2424BF9300F51BB4 /* Controller */ = {
			isa = PBXGroup;
			children = (
				33B2D91E2424C00100F51BB4 /* SplashViewController.swift */,
				33B2D9202424C80500F51BB4 /* SplashScene1ViewController.swift */,
				33B2D9222424C81A00F51BB4 /* SplashScene2ViewController.swift */,
			);
			path = Controller;
			sourceTree = "<group>";
		};
		7BF2B15DD3D2E58D646FAC4A /* Pods */ = {
			isa = PBXGroup;
			children = (
				FDE2406C3BF0C7D08B6957B0 /* Pods-TodayWeather.debug.xcconfig */,
				9663E5CC19033CC8B3209ECA /* Pods-TodayWeather.release.xcconfig */,
			);
			path = Pods;
			sourceTree = "<group>";
		};
		818FD5750CFD57FC8832E86A /* Frameworks */ = {
			isa = PBXGroup;
			children = (
				8680A7E6532C4AB7FF2E2770 /* Pods_TodayWeather.framework */,
			);
			name = Frameworks;
			sourceTree = "<group>";
		};
/* End PBXGroup section */

/* Begin PBXNativeTarget section */
		1B88E28924212663007D4753 /* TodayWeather */ = {
			isa = PBXNativeTarget;
			buildConfigurationList = 1B88E2A124212663007D4753 /* Build configuration list for PBXNativeTarget "TodayWeather" */;
			buildPhases = (
				91C3D8A09ED405A2D32409A3 /* [CP] Check Pods Manifest.lock */,
				1B88E28624212663007D4753 /* Sources */,
				1B88E28724212663007D4753 /* Frameworks */,
				1B88E28824212663007D4753 /* Resources */,
				48EBA4CAA13725F15BC57ACB /* [CP] Embed Pods Frameworks */,
			);
			buildRules = (
			);
			dependencies = (
			);
			name = TodayWeather;
			productName = TodayWeather;
			productReference = 1B88E28A24212663007D4753 /* TodayWeather.app */;
			productType = "com.apple.product-type.application";
		};
/* End PBXNativeTarget section */

/* Begin PBXProject section */
		1B88E28224212663007D4753 /* Project object */ = {
			isa = PBXProject;
			attributes = {
				LastSwiftUpdateCheck = 1130;
				LastUpgradeCheck = 1130;
				ORGANIZATIONNAME = "Đào Thanh Hải";
				TargetAttributes = {
					1B88E28924212663007D4753 = {
						CreatedOnToolsVersion = 11.3.1;
					};
				};
			};
			buildConfigurationList = 1B88E28524212663007D4753 /* Build configuration list for PBXProject "TodayWeather" */;
			compatibilityVersion = "Xcode 9.3";
			developmentRegion = en;
			hasScannedForEncodings = 0;
			knownRegions = (
				en,
				Base,
			);
			mainGroup = 1B88E28124212663007D4753;
			productRefGroup = 1B88E28B24212663007D4753 /* Products */;
			projectDirPath = "";
			projectRoot = "";
			targets = (
				1B88E28924212663007D4753 /* TodayWeather */,
			);
		};
/* End PBXProject section */

/* Begin PBXResourcesBuildPhase section */
		1B88E28824212663007D4753 /* Resources */ = {
			isa = PBXResourcesBuildPhase;
			buildActionMask = 2147483647;
			files = (
				33B2D90524247FAB00F51BB4 /* NotificationCell.xib in Resources */,
				1BC39B2A2422657A0018FBF1 /* Menu.storyboard in Resources */,
				1B4E75142425171D001B42AF /* HourWeatherCell.xib in Resources */,
				33A9382424236BE9003C267E /* MenuTableViewCell.xib in Resources */,
				1BDAD6432423DCF200DE1EEA /* SettingItemHasDescriptionCell.xib in Resources */,
				1B88E29D24212663007D4753 /* LaunchScreen.storyboard in Resources */,
				33B2D9172424ADDA00F51BB4 /* LanguageCell.xib in Resources */,
				1B4E751024251360001B42AF /* DayWeatherCell.xib in Resources */,
				1B88E29A24212663007D4753 /* Assets.xcassets in Resources */,
				33B2D90B24249CE200F51BB4 /* DataSourceCell.xib in Resources */,
				1BC39B352422707F0018FBF1 /* Home.storyboard in Resources */,
				1B88E29524212663007D4753 /* Main.storyboard in Resources */,
				33B2D8FD2424633800F51BB4 /* IconSetCell.xib in Resources */,
				1BDAD63F2423DCC700DE1EEA /* SettingItemNoDescriptionCell.xib in Resources */,
				1BC39B22242260A70018FBF1 /* Settings.storyboard in Resources */,
				33B2D91D2424BFBB00F51BB4 /* Splash.storyboard in Resources */,
			);
			runOnlyForDeploymentPostprocessing = 0;
		};
/* End PBXResourcesBuildPhase section */

/* Begin PBXShellScriptBuildPhase section */
		48EBA4CAA13725F15BC57ACB /* [CP] Embed Pods Frameworks */ = {
			isa = PBXShellScriptBuildPhase;
			buildActionMask = 2147483647;
			files = (
			);
			inputFileListPaths = (
				"${PODS_ROOT}/Target Support Files/Pods-TodayWeather/Pods-TodayWeather-frameworks-${CONFIGURATION}-input-files.xcfilelist",
			);
			name = "[CP] Embed Pods Frameworks";
			outputFileListPaths = (
				"${PODS_ROOT}/Target Support Files/Pods-TodayWeather/Pods-TodayWeather-frameworks-${CONFIGURATION}-output-files.xcfilelist",
			);
			runOnlyForDeploymentPostprocessing = 0;
			shellPath = /bin/sh;
			shellScript = "\"${PODS_ROOT}/Target Support Files/Pods-TodayWeather/Pods-TodayWeather-frameworks.sh\"\n";
			showEnvVarsInLog = 0;
		};
		91C3D8A09ED405A2D32409A3 /* [CP] Check Pods Manifest.lock */ = {
			isa = PBXShellScriptBuildPhase;
			buildActionMask = 2147483647;
			files = (
			);
			inputFileListPaths = (
			);
			inputPaths = (
				"${PODS_PODFILE_DIR_PATH}/Podfile.lock",
				"${PODS_ROOT}/Manifest.lock",
			);
			name = "[CP] Check Pods Manifest.lock";
			outputFileListPaths = (
			);
			outputPaths = (
				"$(DERIVED_FILE_DIR)/Pods-TodayWeather-checkManifestLockResult.txt",
			);
			runOnlyForDeploymentPostprocessing = 0;
			shellPath = /bin/sh;
			shellScript = "diff \"${PODS_PODFILE_DIR_PATH}/Podfile.lock\" \"${PODS_ROOT}/Manifest.lock\" > /dev/null\nif [ $? != 0 ] ; then\n    # print error to STDERR\n    echo \"error: The sandbox is not in sync with the Podfile.lock. Run 'pod install' or update your CocoaPods installation.\" >&2\n    exit 1\nfi\n# This output is used by Xcode 'outputs' to avoid re-running this script phase.\necho \"SUCCESS\" > \"${SCRIPT_OUTPUT_FILE_0}\"\n";
			showEnvVarsInLog = 0;
		};
/* End PBXShellScriptBuildPhase section */

/* Begin PBXSourcesBuildPhase section */
		1B88E28624212663007D4753 /* Sources */ = {
			isa = PBXSourcesBuildPhase;
			buildActionMask = 2147483647;
			files = (
				33B2D90F2424A40800F51BB4 /* DataSource.swift in Sources */,
				33B2D9162424ADDA00F51BB4 /* LanguageCell.swift in Sources */,
				1B4E750C24251302001B42AF /* ThirtySixHoursWeatherViewController.swift in Sources */,
				1B4E750F24251360001B42AF /* DayWeatherCell.swift in Sources */,
				1B4E750A2425127F001B42AF /* TenDaysWeatherViewController.swift in Sources */,
				33B2D9212424C80500F51BB4 /* SplashScene1ViewController.swift in Sources */,
				1B4E750824250ED6001B42AF /* AddLocationViewController.swift in Sources */,
				1BC39B2D24226AF30018FBF1 /* Extensions.swift in Sources */,
				1BC39B3024226EE10018FBF1 /* MenuViewController.swift in Sources */,
				33B2D907242495EA00F51BB4 /* Notification.swift in Sources */,
				1BC39B25242260C90018FBF1 /* AppStoryboard+AppViewController.swift in Sources */,
				33B2D90D24249F2700F51BB4 /* DataSourceSettingViewController.swift in Sources */,
				33B2D90A24249CE200F51BB4 /* DataSourceCell.swift in Sources */,
				1B88E29224212663007D4753 /* ViewController.swift in Sources */,
				33B2D91F2424C00100F51BB4 /* SplashViewController.swift in Sources */,
				1BDAD6372423D90800DE1EEA /* Setting.swift in Sources */,
				33B2D8FC2424633800F51BB4 /* IconSetCell.swift in Sources */,
				33B2D90124247D6A00F51BB4 /* NotificationSettingViewController.swift in Sources */,
				1B88E28E24212663007D4753 /* AppDelegate.swift in Sources */,
				33A9382324236BE9003C267E /* MenuTableViewCell.swift in Sources */,
				33B2D8FF24246FC500F51BB4 /* UnitSettingViewController.swift in Sources */,
				1BDAD6422423DCF200DE1EEA /* SettingItemHasDescriptionCell.swift in Sources */,
				33B2D9232424C81A00F51BB4 /* SplashScene2ViewController.swift in Sources */,
				33B2D9112424ACF800F51BB4 /* LanguageSettingViewController.swift in Sources */,
				33B2D8F7242462D900F51BB4 /* IconSetSettingViewController.swift in Sources */,
				1BC39B37242271800018FBF1 /* HomeViewController.swift in Sources */,
				1B88E29824212663007D4753 /* TodayWeather.xcdatamodeld in Sources */,
				338B0EEB24235C73005796BE /* SettingsViewController.swift in Sources */,
				33B2D9192424AFB300F51BB4 /* Language.swift in Sources */,
				1BDAD63E2423DCC700DE1EEA /* SettingItemNoDescriptionCell.swift in Sources */,
				1B4E75132425171D001B42AF /* HourWeatherCell.swift in Sources */,
				33B2D90424247FAB00F51BB4 /* NotificationCell.swift in Sources */,
			);
			runOnlyForDeploymentPostprocessing = 0;
		};
/* End PBXSourcesBuildPhase section */

/* Begin PBXVariantGroup section */
		1B88E29324212663007D4753 /* Main.storyboard */ = {
			isa = PBXVariantGroup;
			children = (
				1B88E29424212663007D4753 /* Base */,
			);
			name = Main.storyboard;
			sourceTree = "<group>";
		};
		1B88E29B24212663007D4753 /* LaunchScreen.storyboard */ = {
			isa = PBXVariantGroup;
			children = (
				1B88E29C24212663007D4753 /* Base */,
			);
			name = LaunchScreen.storyboard;
			sourceTree = "<group>";
		};
/* End PBXVariantGroup section */

/* Begin XCBuildConfiguration section */
		1B88E29F24212663007D4753 /* Debug */ = {
			isa = XCBuildConfiguration;
			buildSettings = {
				ALWAYS_SEARCH_USER_PATHS = NO;
				CLANG_ANALYZER_NONNULL = YES;
				CLANG_ANALYZER_NUMBER_OBJECT_CONVERSION = YES_AGGRESSIVE;
				CLANG_CXX_LANGUAGE_STANDARD = "gnu++14";
				CLANG_CXX_LIBRARY = "libc++";
				CLANG_ENABLE_MODULES = YES;
				CLANG_ENABLE_OBJC_ARC = YES;
				CLANG_ENABLE_OBJC_WEAK = YES;
				CLANG_WARN_BLOCK_CAPTURE_AUTORELEASING = YES;
				CLANG_WARN_BOOL_CONVERSION = YES;
				CLANG_WARN_COMMA = YES;
				CLANG_WARN_CONSTANT_CONVERSION = YES;
				CLANG_WARN_DEPRECATED_OBJC_IMPLEMENTATIONS = YES;
				CLANG_WARN_DIRECT_OBJC_ISA_USAGE = YES_ERROR;
				CLANG_WARN_DOCUMENTATION_COMMENTS = YES;
				CLANG_WARN_EMPTY_BODY = YES;
				CLANG_WARN_ENUM_CONVERSION = YES;
				CLANG_WARN_INFINITE_RECURSION = YES;
				CLANG_WARN_INT_CONVERSION = YES;
				CLANG_WARN_NON_LITERAL_NULL_CONVERSION = YES;
				CLANG_WARN_OBJC_IMPLICIT_RETAIN_SELF = YES;
				CLANG_WARN_OBJC_LITERAL_CONVERSION = YES;
				CLANG_WARN_OBJC_ROOT_CLASS = YES_ERROR;
				CLANG_WARN_RANGE_LOOP_ANALYSIS = YES;
				CLANG_WARN_STRICT_PROTOTYPES = YES;
				CLANG_WARN_SUSPICIOUS_MOVE = YES;
				CLANG_WARN_UNGUARDED_AVAILABILITY = YES_AGGRESSIVE;
				CLANG_WARN_UNREACHABLE_CODE = YES;
				CLANG_WARN__DUPLICATE_METHOD_MATCH = YES;
				COPY_PHASE_STRIP = NO;
				DEBUG_INFORMATION_FORMAT = dwarf;
				ENABLE_STRICT_OBJC_MSGSEND = YES;
				ENABLE_TESTABILITY = YES;
				GCC_C_LANGUAGE_STANDARD = gnu11;
				GCC_DYNAMIC_NO_PIC = NO;
				GCC_NO_COMMON_BLOCKS = YES;
				GCC_OPTIMIZATION_LEVEL = 0;
				GCC_PREPROCESSOR_DEFINITIONS = (
					"DEBUG=1",
					"$(inherited)",
				);
				GCC_WARN_64_TO_32_BIT_CONVERSION = YES;
				GCC_WARN_ABOUT_RETURN_TYPE = YES_ERROR;
				GCC_WARN_UNDECLARED_SELECTOR = YES;
				GCC_WARN_UNINITIALIZED_AUTOS = YES_AGGRESSIVE;
				GCC_WARN_UNUSED_FUNCTION = YES;
				GCC_WARN_UNUSED_VARIABLE = YES;
				IPHONEOS_DEPLOYMENT_TARGET = 10.0;
				MTL_ENABLE_DEBUG_INFO = INCLUDE_SOURCE;
				MTL_FAST_MATH = YES;
				ONLY_ACTIVE_ARCH = YES;
				SDKROOT = iphoneos;
				SWIFT_ACTIVE_COMPILATION_CONDITIONS = DEBUG;
				SWIFT_OPTIMIZATION_LEVEL = "-Onone";
				SWIFT_VERSION = 4.2;
			};
			name = Debug;
		};
		1B88E2A024212663007D4753 /* Release */ = {
			isa = XCBuildConfiguration;
			buildSettings = {
				ALWAYS_SEARCH_USER_PATHS = NO;
				CLANG_ANALYZER_NONNULL = YES;
				CLANG_ANALYZER_NUMBER_OBJECT_CONVERSION = YES_AGGRESSIVE;
				CLANG_CXX_LANGUAGE_STANDARD = "gnu++14";
				CLANG_CXX_LIBRARY = "libc++";
				CLANG_ENABLE_MODULES = YES;
				CLANG_ENABLE_OBJC_ARC = YES;
				CLANG_ENABLE_OBJC_WEAK = YES;
				CLANG_WARN_BLOCK_CAPTURE_AUTORELEASING = YES;
				CLANG_WARN_BOOL_CONVERSION = YES;
				CLANG_WARN_COMMA = YES;
				CLANG_WARN_CONSTANT_CONVERSION = YES;
				CLANG_WARN_DEPRECATED_OBJC_IMPLEMENTATIONS = YES;
				CLANG_WARN_DIRECT_OBJC_ISA_USAGE = YES_ERROR;
				CLANG_WARN_DOCUMENTATION_COMMENTS = YES;
				CLANG_WARN_EMPTY_BODY = YES;
				CLANG_WARN_ENUM_CONVERSION = YES;
				CLANG_WARN_INFINITE_RECURSION = YES;
				CLANG_WARN_INT_CONVERSION = YES;
				CLANG_WARN_NON_LITERAL_NULL_CONVERSION = YES;
				CLANG_WARN_OBJC_IMPLICIT_RETAIN_SELF = YES;
				CLANG_WARN_OBJC_LITERAL_CONVERSION = YES;
				CLANG_WARN_OBJC_ROOT_CLASS = YES_ERROR;
				CLANG_WARN_RANGE_LOOP_ANALYSIS = YES;
				CLANG_WARN_STRICT_PROTOTYPES = YES;
				CLANG_WARN_SUSPICIOUS_MOVE = YES;
				CLANG_WARN_UNGUARDED_AVAILABILITY = YES_AGGRESSIVE;
				CLANG_WARN_UNREACHABLE_CODE = YES;
				CLANG_WARN__DUPLICATE_METHOD_MATCH = YES;
				COPY_PHASE_STRIP = NO;
				DEBUG_INFORMATION_FORMAT = "dwarf-with-dsym";
				ENABLE_NS_ASSERTIONS = NO;
				ENABLE_STRICT_OBJC_MSGSEND = YES;
				GCC_C_LANGUAGE_STANDARD = gnu11;
				GCC_NO_COMMON_BLOCKS = YES;
				GCC_WARN_64_TO_32_BIT_CONVERSION = YES;
				GCC_WARN_ABOUT_RETURN_TYPE = YES_ERROR;
				GCC_WARN_UNDECLARED_SELECTOR = YES;
				GCC_WARN_UNINITIALIZED_AUTOS = YES_AGGRESSIVE;
				GCC_WARN_UNUSED_FUNCTION = YES;
				GCC_WARN_UNUSED_VARIABLE = YES;
				IPHONEOS_DEPLOYMENT_TARGET = 10.0;
				MTL_ENABLE_DEBUG_INFO = NO;
				MTL_FAST_MATH = YES;
				SDKROOT = iphoneos;
				SWIFT_COMPILATION_MODE = wholemodule;
				SWIFT_OPTIMIZATION_LEVEL = "-O";
				SWIFT_VERSION = 4.2;
				VALIDATE_PRODUCT = YES;
			};
			name = Release;
		};
		1B88E2A224212663007D4753 /* Debug */ = {
			isa = XCBuildConfiguration;
			baseConfigurationReference = FDE2406C3BF0C7D08B6957B0 /* Pods-TodayWeather.debug.xcconfig */;
			buildSettings = {
				ASSETCATALOG_COMPILER_APPICON_NAME = AppIcon;
				CODE_SIGN_STYLE = Automatic;
				DEVELOPMENT_TEAM = RCAA4L9GJ4;
				INFOPLIST_FILE = TodayWeather/Info.plist;
				IPHONEOS_DEPLOYMENT_TARGET = 10.0;
				LD_RUNPATH_SEARCH_PATHS = (
					"$(inherited)",
					"@executable_path/Frameworks",
				);
				PRODUCT_BUNDLE_IDENTIFIER = com.daohai.TodayWeather;
				PRODUCT_NAME = "$(TARGET_NAME)";
				SWIFT_VERSION = 4.2;
				TARGETED_DEVICE_FAMILY = "1,2";
			};
			name = Debug;
		};
		1B88E2A324212663007D4753 /* Release */ = {
			isa = XCBuildConfiguration;
			baseConfigurationReference = 9663E5CC19033CC8B3209ECA /* Pods-TodayWeather.release.xcconfig */;
			buildSettings = {
				ASSETCATALOG_COMPILER_APPICON_NAME = AppIcon;
				CODE_SIGN_STYLE = Automatic;
				DEVELOPMENT_TEAM = RCAA4L9GJ4;
				INFOPLIST_FILE = TodayWeather/Info.plist;
				IPHONEOS_DEPLOYMENT_TARGET = 10.0;
				LD_RUNPATH_SEARCH_PATHS = (
					"$(inherited)",
					"@executable_path/Frameworks",
				);
				PRODUCT_BUNDLE_IDENTIFIER = com.daohai.TodayWeather;
				PRODUCT_NAME = "$(TARGET_NAME)";
				SWIFT_VERSION = 4.2;
				TARGETED_DEVICE_FAMILY = "1,2";
			};
			name = Release;
		};
/* End XCBuildConfiguration section */

/* Begin XCConfigurationList section */
		1B88E28524212663007D4753 /* Build configuration list for PBXProject "TodayWeather" */ = {
			isa = XCConfigurationList;
			buildConfigurations = (
				1B88E29F24212663007D4753 /* Debug */,
				1B88E2A024212663007D4753 /* Release */,
			);
			defaultConfigurationIsVisible = 0;
			defaultConfigurationName = Release;
		};
		1B88E2A124212663007D4753 /* Build configuration list for PBXNativeTarget "TodayWeather" */ = {
			isa = XCConfigurationList;
			buildConfigurations = (
				1B88E2A224212663007D4753 /* Debug */,
				1B88E2A324212663007D4753 /* Release */,
			);
			defaultConfigurationIsVisible = 0;
			defaultConfigurationName = Release;
		};
/* End XCConfigurationList section */

/* Begin XCVersionGroup section */
		1B88E29624212663007D4753 /* TodayWeather.xcdatamodeld */ = {
			isa = XCVersionGroup;
			children = (
				1B88E29724212663007D4753 /* TodayWeather.xcdatamodel */,
			);
			currentVersion = 1B88E29724212663007D4753 /* TodayWeather.xcdatamodel */;
			path = TodayWeather.xcdatamodeld;
			sourceTree = "<group>";
			versionGroupType = wrapper.xcdatamodel;
		};
/* End XCVersionGroup section */
	};
	rootObject = 1B88E28224212663007D4753 /* Project object */;
}
